// !$*UTF8*$!
{
	archiveVersion = 1;
	classes = {
	};
	objectVersion = 56;
	objects = {

/* Begin PBXBuildFile section */
		C7B747432ED88E4B000EAA7E /* AI_CSOApp.swift in Sources */ = {isa = PBXBuildFile; fileRef = C7B747422ED88E4B000EAA7E /* AI_CSOApp.swift */; };
		C7B747452ED88E4B000EAA7E /* ContentView.swift in Sources */ = {isa = PBXBuildFile; fileRef = C7B747442ED88E4B000EAA7E /* ContentView.swift */; };
		C7B747472ED88E4D000EAA7E /* Assets.xcassets in Resources */ = {isa = PBXBuildFile; fileRef = C7B747462ED88E4D000EAA7E /* Assets.xcassets */; };
		C7B7474A2ED88E4D000EAA7E /* Preview Assets.xcassets in Resources */ = {isa = PBXBuildFile; fileRef = C7B747492ED88E4D000EAA7E /* Preview Assets.xcassets */; };
		C7B747542ED88E4D000EAA7E /* AI_CSOTests.swift in Sources */ = {isa = PBXBuildFile; fileRef = C7B747532ED88E4D000EAA7E /* AI_CSOTests.swift */; };
		C7B7475E2ED88E4D000EAA7E /* AI_CSOUITests.swift in Sources */ = {isa = PBXBuildFile; fileRef = C7B7475D2ED88E4D000EAA7E /* AI_CSOUITests.swift */; };
		C7B747602ED88E4D000EAA7E /* AI_CSOUITestsLaunchTests.swift in Sources */ = {isa = PBXBuildFile; fileRef = C7B7475F2ED88E4D000EAA7E /* AI_CSOUITestsLaunchTests.swift */; };
		C7B7476D2ED890F8000EAA7E /* SupportRow.swift in Sources */ = {isa = PBXBuildFile; fileRef = C7B7476C2ED890F8000EAA7E /* SupportRow.swift */; };
		C7B7476F2ED8BE0E000EAA7E /* ChatView.swift in Sources */ = {isa = PBXBuildFile; fileRef = C7B7476E2ED8BE0D000EAA7E /* ChatView.swift */; };
		C7B747712ED8BE74000EAA7E /* AssistantBubble.swift in Sources */ = {isa = PBXBuildFile; fileRef = C7B747702ED8BE74000EAA7E /* AssistantBubble.swift */; };
		C7B747732ED8BECF000EAA7E /* UserBubble.swift in Sources */ = {isa = PBXBuildFile; fileRef = C7B747722ED8BECF000EAA7E /* UserBubble.swift */; };
		C7B747752ED8BEFB000EAA7E /* Timestamp.swift in Sources */ = {isa = PBXBuildFile; fileRef = C7B747742ED8BEFB000EAA7E /* Timestamp.swift */; };
		C7B747772ED8BF28000EAA7E /* QuickActionButton.swift in Sources */ = {isa = PBXBuildFile; fileRef = C7B747762ED8BF28000EAA7E /* QuickActionButton.swift */; };
		C7B96EA92ED9796A00F35C27 /* TypingIndicator.swift in Sources */ = {isa = PBXBuildFile; fileRef = C7B96EA82ED9796A00F35C27 /* TypingIndicator.swift */; };
		C7B96EAB2ED9956800F35C27 /* Colors.swift in Sources */ = {isa = PBXBuildFile; fileRef = C7B96EAA2ED9956800F35C27 /* Colors.swift */; };
/* End PBXBuildFile section */

/* Begin PBXContainerItemProxy section */
		C7B747502ED88E4D000EAA7E /* PBXContainerItemProxy */ = {
			isa = PBXContainerItemProxy;
			containerPortal = C7B747372ED88E4B000EAA7E /* Project object */;
			proxyType = 1;
			remoteGlobalIDString = C7B7473E2ED88E4B000EAA7E;
			remoteInfo = "AI-CSO";
		};
		C7B7475A2ED88E4D000EAA7E /* PBXContainerItemProxy */ = {
			isa = PBXContainerItemProxy;
			containerPortal = C7B747372ED88E4B000EAA7E /* Project object */;
			proxyType = 1;
			remoteGlobalIDString = C7B7473E2ED88E4B000EAA7E;
			remoteInfo = "AI-CSO";
		};
/* End PBXContainerItemProxy section */

/* Begin PBXFileReference section */
		C7B7473F2ED88E4B000EAA7E /* AI-CSO.app */ = {isa = PBXFileReference; explicitFileType = wrapper.application; includeInIndex = 0; path = "AI-CSO.app"; sourceTree = BUILT_PRODUCTS_DIR; };
		C7B747422ED88E4B000EAA7E /* AI_CSOApp.swift */ = {isa = PBXFileReference; lastKnownFileType = sourcecode.swift; path = AI_CSOApp.swift; sourceTree = "<group>"; };
		C7B747442ED88E4B000EAA7E /* ContentView.swift */ = {isa = PBXFileReference; lastKnownFileType = sourcecode.swift; path = ContentView.swift; sourceTree = "<group>"; };
		C7B747462ED88E4D000EAA7E /* Assets.xcassets */ = {isa = PBXFileReference; lastKnownFileType = folder.assetcatalog; path = Assets.xcassets; sourceTree = "<group>"; };
		C7B747492ED88E4D000EAA7E /* Preview Assets.xcassets */ = {isa = PBXFileReference; lastKnownFileType = folder.assetcatalog; path = "Preview Assets.xcassets"; sourceTree = "<group>"; };
		C7B7474F2ED88E4D000EAA7E /* AI-CSOTests.xctest */ = {isa = PBXFileReference; explicitFileType = wrapper.cfbundle; includeInIndex = 0; path = "AI-CSOTests.xctest"; sourceTree = BUILT_PRODUCTS_DIR; };
		C7B747532ED88E4D000EAA7E /* AI_CSOTests.swift */ = {isa = PBXFileReference; lastKnownFileType = sourcecode.swift; path = AI_CSOTests.swift; sourceTree = "<group>"; };
		C7B747592ED88E4D000EAA7E /* AI-CSOUITests.xctest */ = {isa = PBXFileReference; explicitFileType = wrapper.cfbundle; includeInIndex = 0; path = "AI-CSOUITests.xctest"; sourceTree = BUILT_PRODUCTS_DIR; };
		C7B7475D2ED88E4D000EAA7E /* AI_CSOUITests.swift */ = {isa = PBXFileReference; lastKnownFileType = sourcecode.swift; path = AI_CSOUITests.swift; sourceTree = "<group>"; };
		C7B7475F2ED88E4D000EAA7E /* AI_CSOUITestsLaunchTests.swift */ = {isa = PBXFileReference; lastKnownFileType = sourcecode.swift; path = AI_CSOUITestsLaunchTests.swift; sourceTree = "<group>"; };
		C7B7476C2ED890F8000EAA7E /* SupportRow.swift */ = {isa = PBXFileReference; lastKnownFileType = sourcecode.swift; path = SupportRow.swift; sourceTree = "<group>"; };
		C7B7476E2ED8BE0D000EAA7E /* ChatView.swift */ = {isa = PBXFileReference; lastKnownFileType = sourcecode.swift; path = ChatView.swift; sourceTree = "<group>"; };
		C7B747702ED8BE74000EAA7E /* AssistantBubble.swift */ = {isa = PBXFileReference; lastKnownFileType = sourcecode.swift; path = AssistantBubble.swift; sourceTree = "<group>"; };
		C7B747722ED8BECF000EAA7E /* UserBubble.swift */ = {isa = PBXFileReference; lastKnownFileType = sourcecode.swift; path = UserBubble.swift; sourceTree = "<group>"; };
		C7B747742ED8BEFB000EAA7E /* Timestamp.swift */ = {isa = PBXFileReference; lastKnownFileType = sourcecode.swift; path = Timestamp.swift; sourceTree = "<group>"; };
		C7B747762ED8BF28000EAA7E /* QuickActionButton.swift */ = {isa = PBXFileReference; lastKnownFileType = sourcecode.swift; path = QuickActionButton.swift; sourceTree = "<group>"; };
		C7B96EA82ED9796A00F35C27 /* TypingIndicator.swift */ = {isa = PBXFileReference; lastKnownFileType = sourcecode.swift; path = TypingIndicator.swift; sourceTree = "<group>"; };
		C7B96EAA2ED9956800F35C27 /* Colors.swift */ = {isa = PBXFileReference; lastKnownFileType = sourcecode.swift; path = Colors.swift; sourceTree = "<group>"; };
/* End PBXFileReference section */

/* Begin PBXFrameworksBuildPhase section */
		C7B7473C2ED88E4B000EAA7E /* Frameworks */ = {
			isa = PBXFrameworksBuildPhase;
			buildActionMask = 2147483647;
			files = (
			);
			runOnlyForDeploymentPostprocessing = 0;
		};
		C7B7474C2ED88E4D000EAA7E /* Frameworks */ = {
			isa = PBXFrameworksBuildPhase;
			buildActionMask = 2147483647;
			files = (
			);
			runOnlyForDeploymentPostprocessing = 0;
		};
		C7B747562ED88E4D000EAA7E /* Frameworks */ = {
			isa = PBXFrameworksBuildPhase;
			buildActionMask = 2147483647;
			files = (
			);
			runOnlyForDeploymentPostprocessing = 0;
		};
/* End PBXFrameworksBuildPhase section */

/* Begin PBXGroup section */
		C7B747362ED88E4B000EAA7E = {
			isa = PBXGroup;
			children = (
				C7B747412ED88E4B000EAA7E /* AI-CSO */,
				C7B747522ED88E4D000EAA7E /* AI-CSOTests */,
				C7B7475C2ED88E4D000EAA7E /* AI-CSOUITests */,
				C7B747402ED88E4B000EAA7E /* Products */,
			);
			sourceTree = "<group>";
		};
		C7B747402ED88E4B000EAA7E /* Products */ = {
			isa = PBXGroup;
			children = (
				C7B7473F2ED88E4B000EAA7E /* AI-CSO.app */,
				C7B7474F2ED88E4D000EAA7E /* AI-CSOTests.xctest */,
				C7B747592ED88E4D000EAA7E /* AI-CSOUITests.xctest */,
			);
			name = Products;
			sourceTree = "<group>";
		};
		C7B747412ED88E4B000EAA7E /* AI-CSO */ = {
			isa = PBXGroup;
			children = (
				C7B747782ED8C060000EAA7E /* Chat */,
				C7B747422ED88E4B000EAA7E /* AI_CSOApp.swift */,
				C7B747442ED88E4B000EAA7E /* ContentView.swift */,
				C7B747702ED8BE74000EAA7E /* AssistantBubble.swift */,
				C7B7476E2ED8BE0D000EAA7E /* ChatView.swift */,
				C7B96EAA2ED9956800F35C27 /* Colors.swift */,
				C7B96EA82ED9796A00F35C27 /* TypingIndicator.swift */,
				C7B747742ED8BEFB000EAA7E /* Timestamp.swift */,
				C7B747762ED8BF28000EAA7E /* QuickActionButton.swift */,
				C7B747722ED8BECF000EAA7E /* UserBubble.swift */,
				C7B7476C2ED890F8000EAA7E /* SupportRow.swift */,
				C7B747462ED88E4D000EAA7E /* Assets.xcassets */,
				C7B747482ED88E4D000EAA7E /* Preview Content */,
			);
			path = "AI-CSO";
			sourceTree = "<group>";
		};
		C7B747482ED88E4D000EAA7E /* Preview Content */ = {
			isa = PBXGroup;
			children = (
				C7B747492ED88E4D000EAA7E /* Preview Assets.xcassets */,
			);
			path = "Preview Content";
			sourceTree = "<group>";
		};
		C7B747522ED88E4D000EAA7E /* AI-CSOTests */ = {
			isa = PBXGroup;
			children = (
				C7B747532ED88E4D000EAA7E /* AI_CSOTests.swift */,
			);
			path = "AI-CSOTests";
			sourceTree = "<group>";
		};
		C7B7475C2ED88E4D000EAA7E /* AI-CSOUITests */ = {
			isa = PBXGroup;
			children = (
				C7B7475D2ED88E4D000EAA7E /* AI_CSOUITests.swift */,
				C7B7475F2ED88E4D000EAA7E /* AI_CSOUITestsLaunchTests.swift */,
			);
			path = "AI-CSOUITests";
			sourceTree = "<group>";
		};
		C7B747782ED8C060000EAA7E /* Chat */ = {
			isa = PBXGroup;
			children = (
			);
			path = Chat;
			sourceTree = "<group>";
		};
/* End PBXGroup section */

/* Begin PBXNativeTarget section */
		C7B7473E2ED88E4B000EAA7E /* AI-CSO */ = {
			isa = PBXNativeTarget;
			buildConfigurationList = C7B747632ED88E4D000EAA7E /* Build configuration list for PBXNativeTarget "AI-CSO" */;
			buildPhases = (
				C7B7473B2ED88E4B000EAA7E /* Sources */,
				C7B7473C2ED88E4B000EAA7E /* Frameworks */,
				C7B7473D2ED88E4B000EAA7E /* Resources */,
			);
			buildRules = (
			);
			dependencies = (
			);
			name = "AI-CSO";
			productName = "AI-CSO";
			productReference = C7B7473F2ED88E4B000EAA7E /* AI-CSO.app */;
			productType = "com.apple.product-type.application";
		};
		C7B7474E2ED88E4D000EAA7E /* AI-CSOTests */ = {
			isa = PBXNativeTarget;
			buildConfigurationList = C7B747662ED88E4D000EAA7E /* Build configuration list for PBXNativeTarget "AI-CSOTests" */;
			buildPhases = (
				C7B7474B2ED88E4D000EAA7E /* Sources */,
				C7B7474C2ED88E4D000EAA7E /* Frameworks */,
				C7B7474D2ED88E4D000EAA7E /* Resources */,
			);
			buildRules = (
			);
			dependencies = (
				C7B747512ED88E4D000EAA7E /* PBXTargetDependency */,
			);
			name = "AI-CSOTests";
			productName = "AI-CSOTests";
			productReference = C7B7474F2ED88E4D000EAA7E /* AI-CSOTests.xctest */;
			productType = "com.apple.product-type.bundle.unit-test";
		};
		C7B747582ED88E4D000EAA7E /* AI-CSOUITests */ = {
			isa = PBXNativeTarget;
			buildConfigurationList = C7B747692ED88E4D000EAA7E /* Build configuration list for PBXNativeTarget "AI-CSOUITests" */;
			buildPhases = (
				C7B747552ED88E4D000EAA7E /* Sources */,
				C7B747562ED88E4D000EAA7E /* Frameworks */,
				C7B747572ED88E4D000EAA7E /* Resources */,
			);
			buildRules = (
			);
			dependencies = (
				C7B7475B2ED88E4D000EAA7E /* PBXTargetDependency */,
			);
			name = "AI-CSOUITests";
			productName = "AI-CSOUITests";
			productReference = C7B747592ED88E4D000EAA7E /* AI-CSOUITests.xctest */;
			productType = "com.apple.product-type.bundle.ui-testing";
		};
/* End PBXNativeTarget section */

/* Begin PBXProject section */
		C7B747372ED88E4B000EAA7E /* Project object */ = {
			isa = PBXProject;
			attributes = {
				BuildIndependentTargetsInParallel = 1;
				LastSwiftUpdateCheck = 1420;
				LastUpgradeCheck = 1420;
				TargetAttributes = {
					C7B7473E2ED88E4B000EAA7E = {
						CreatedOnToolsVersion = 14.2;
					};
					C7B7474E2ED88E4D000EAA7E = {
						CreatedOnToolsVersion = 14.2;
						TestTargetID = C7B7473E2ED88E4B000EAA7E;
					};
					C7B747582ED88E4D000EAA7E = {
						CreatedOnToolsVersion = 14.2;
						TestTargetID = C7B7473E2ED88E4B000EAA7E;
					};
				};
			};
			buildConfigurationList = C7B7473A2ED88E4B000EAA7E /* Build configuration list for PBXProject "AI-CSO" */;
			compatibilityVersion = "Xcode 14.0";
			developmentRegion = en;
			hasScannedForEncodings = 0;
			knownRegions = (
				en,
				Base,
			);
			mainGroup = C7B747362ED88E4B000EAA7E;
			productRefGroup = C7B747402ED88E4B000EAA7E /* Products */;
			projectDirPath = "";
			projectRoot = "";
			targets = (
				C7B7473E2ED88E4B000EAA7E /* AI-CSO */,
				C7B7474E2ED88E4D000EAA7E /* AI-CSOTests */,
				C7B747582ED88E4D000EAA7E /* AI-CSOUITests */,
			);
		};
/* End PBXProject section */

/* Begin PBXResourcesBuildPhase section */
		C7B7473D2ED88E4B000EAA7E /* Resources */ = {
			isa = PBXResourcesBuildPhase;
			buildActionMask = 2147483647;
			files = (
				C7B7474A2ED88E4D000EAA7E /* Preview Assets.xcassets in Resources */,
				C7B747472ED88E4D000EAA7E /* Assets.xcassets in Resources */,
			);
			runOnlyForDeploymentPostprocessing = 0;
		};
		C7B7474D2ED88E4D000EAA7E /* Resources */ = {
			isa = PBXResourcesBuildPhase;
			buildActionMask = 2147483647;
			files = (
			);
			runOnlyForDeploymentPostprocessing = 0;
		};
		C7B747572ED88E4D000EAA7E /* Resources */ = {
			isa = PBXResourcesBuildPhase;
			buildActionMask = 2147483647;
			files = (
			);
			runOnlyForDeploymentPostprocessing = 0;
		};
/* End PBXResourcesBuildPhase section */

/* Begin PBXSourcesBuildPhase section */
		C7B7473B2ED88E4B000EAA7E /* Sources */ = {
			isa = PBXSourcesBuildPhase;
			buildActionMask = 2147483647;
			files = (
				C7B96EA92ED9796A00F35C27 /* TypingIndicator.swift in Sources */,
				C7B96EAB2ED9956800F35C27 /* Colors.swift in Sources */,
				C7B747752ED8BEFB000EAA7E /* Timestamp.swift in Sources */,
				C7B747772ED8BF28000EAA7E /* QuickActionButton.swift in Sources */,
				C7B747712ED8BE74000EAA7E /* AssistantBubble.swift in Sources */,
				C7B7476F2ED8BE0E000EAA7E /* ChatView.swift in Sources */,
				C7B747732ED8BECF000EAA7E /* UserBubble.swift in Sources */,
				C7B747452ED88E4B000EAA7E /* ContentView.swift in Sources */,
				C7B7476D2ED890F8000EAA7E /* SupportRow.swift in Sources */,
				C7B747432ED88E4B000EAA7E /* AI_CSOApp.swift in Sources */,
			);
			runOnlyForDeploymentPostprocessing = 0;
		};
		C7B7474B2ED88E4D000EAA7E /* Sources */ = {
			isa = PBXSourcesBuildPhase;
			buildActionMask = 2147483647;
			files = (
				C7B747542ED88E4D000EAA7E /* AI_CSOTests.swift in Sources */,
			);
			runOnlyForDeploymentPostprocessing = 0;
		};
		C7B747552ED88E4D000EAA7E /* Sources */ = {
			isa = PBXSourcesBuildPhase;
			buildActionMask = 2147483647;
			files = (
				C7B747602ED88E4D000EAA7E /* AI_CSOUITestsLaunchTests.swift in Sources */,
				C7B7475E2ED88E4D000EAA7E /* AI_CSOUITests.swift in Sources */,
			);
			runOnlyForDeploymentPostprocessing = 0;
		};
/* End PBXSourcesBuildPhase section */

/* Begin PBXTargetDependency section */
		C7B747512ED88E4D000EAA7E /* PBXTargetDependency */ = {
			isa = PBXTargetDependency;
			target = C7B7473E2ED88E4B000EAA7E /* AI-CSO */;
			targetProxy = C7B747502ED88E4D000EAA7E /* PBXContainerItemProxy */;
		};
		C7B7475B2ED88E4D000EAA7E /* PBXTargetDependency */ = {
			isa = PBXTargetDependency;
			target = C7B7473E2ED88E4B000EAA7E /* AI-CSO */;
			targetProxy = C7B7475A2ED88E4D000EAA7E /* PBXContainerItemProxy */;
		};
/* End PBXTargetDependency section */

/* Begin XCBuildConfiguration section */
		C7B747612ED88E4D000EAA7E /* Debug */ = {
			isa = XCBuildConfiguration;
			buildSettings = {
				ALWAYS_SEARCH_USER_PATHS = NO;
				CLANG_ANALYZER_NONNULL = YES;
				CLANG_ANALYZER_NUMBER_OBJECT_CONVERSION = YES_AGGRESSIVE;
				CLANG_CXX_LANGUAGE_STANDARD = "gnu++20";
				CLANG_ENABLE_MODULES = YES;
				CLANG_ENABLE_OBJC_ARC = YES;
				CLANG_ENABLE_OBJC_WEAK = YES;
				CLANG_WARN_BLOCK_CAPTURE_AUTORELEASING = YES;
				CLANG_WARN_BOOL_CONVERSION = YES;
				CLANG_WARN_COMMA = YES;
				CLANG_WARN_CONSTANT_CONVERSION = YES;
				CLANG_WARN_DEPRECATED_OBJC_IMPLEMENTATIONS = YES;
				CLANG_WARN_DIRECT_OBJC_ISA_USAGE = YES_ERROR;
				CLANG_WARN_DOCUMENTATION_COMMENTS = YES;
				CLANG_WARN_EMPTY_BODY = YES;
				CLANG_WARN_ENUM_CONVERSION = YES;
				CLANG_WARN_INFINITE_RECURSION = YES;
				CLANG_WARN_INT_CONVERSION = YES;
				CLANG_WARN_NON_LITERAL_NULL_CONVERSION = YES;
				CLANG_WARN_OBJC_IMPLICIT_RETAIN_SELF = YES;
				CLANG_WARN_OBJC_LITERAL_CONVERSION = YES;
				CLANG_WARN_OBJC_ROOT_CLASS = YES_ERROR;
				CLANG_WARN_QUOTED_INCLUDE_IN_FRAMEWORK_HEADER = YES;
				CLANG_WARN_RANGE_LOOP_ANALYSIS = YES;
				CLANG_WARN_STRICT_PROTOTYPES = YES;
				CLANG_WARN_SUSPICIOUS_MOVE = YES;
				CLANG_WARN_UNGUARDED_AVAILABILITY = YES_AGGRESSIVE;
				CLANG_WARN_UNREACHABLE_CODE = YES;
				CLANG_WARN__DUPLICATE_METHOD_MATCH = YES;
				COPY_PHASE_STRIP = NO;
				DEBUG_INFORMATION_FORMAT = dwarf;
				ENABLE_STRICT_OBJC_MSGSEND = YES;
				ENABLE_TESTABILITY = YES;
				GCC_C_LANGUAGE_STANDARD = gnu11;
				GCC_DYNAMIC_NO_PIC = NO;
				GCC_NO_COMMON_BLOCKS = YES;
				GCC_OPTIMIZATION_LEVEL = 0;
				GCC_PREPROCESSOR_DEFINITIONS = (
					"DEBUG=1",
					"$(inherited)",
				);
				GCC_WARN_64_TO_32_BIT_CONVERSION = YES;
				GCC_WARN_ABOUT_RETURN_TYPE = YES_ERROR;
				GCC_WARN_UNDECLARED_SELECTOR = YES;
				GCC_WARN_UNINITIALIZED_AUTOS = YES_AGGRESSIVE;
				GCC_WARN_UNUSED_FUNCTION = YES;
				GCC_WARN_UNUSED_VARIABLE = YES;
				IPHONEOS_DEPLOYMENT_TARGET = 16.2;
				MTL_ENABLE_DEBUG_INFO = INCLUDE_SOURCE;
				MTL_FAST_MATH = YES;
				ONLY_ACTIVE_ARCH = YES;
				SDKROOT = iphoneos;
				SWIFT_ACTIVE_COMPILATION_CONDITIONS = DEBUG;
				SWIFT_OPTIMIZATION_LEVEL = "-Onone";
			};
			name = Debug;
		};
		C7B747622ED88E4D000EAA7E /* Release */ = {
			isa = XCBuildConfiguration;
			buildSettings = {
				ALWAYS_SEARCH_USER_PATHS = NO;
				CLANG_ANALYZER_NONNULL = YES;
				CLANG_ANALYZER_NUMBER_OBJECT_CONVERSION = YES_AGGRESSIVE;
				CLANG_CXX_LANGUAGE_STANDARD = "gnu++20";
				CLANG_ENABLE_MODULES = YES;
				CLANG_ENABLE_OBJC_ARC = YES;
				CLANG_ENABLE_OBJC_WEAK = YES;
				CLANG_WARN_BLOCK_CAPTURE_AUTORELEASING = YES;
				CLANG_WARN_BOOL_CONVERSION = YES;
				CLANG_WARN_COMMA = YES;
				CLANG_WARN_CONSTANT_CONVERSION = YES;
				CLANG_WARN_DEPRECATED_OBJC_IMPLEMENTATIONS = YES;
				CLANG_WARN_DIRECT_OBJC_ISA_USAGE = YES_ERROR;
				CLANG_WARN_DOCUMENTATION_COMMENTS = YES;
				CLANG_WARN_EMPTY_BODY = YES;
				CLANG_WARN_ENUM_CONVERSION = YES;
				CLANG_WARN_INFINITE_RECURSION = YES;
				CLANG_WARN_INT_CONVERSION = YES;
				CLANG_WARN_NON_LITERAL_NULL_CONVERSION = YES;
				CLANG_WARN_OBJC_IMPLICIT_RETAIN_SELF = YES;
				CLANG_WARN_OBJC_LITERAL_CONVERSION = YES;
				CLANG_WARN_OBJC_ROOT_CLASS = YES_ERROR;
				CLANG_WARN_QUOTED_INCLUDE_IN_FRAMEWORK_HEADER = YES;
				CLANG_WARN_RANGE_LOOP_ANALYSIS = YES;
				CLANG_WARN_STRICT_PROTOTYPES = YES;
				CLANG_WARN_SUSPICIOUS_MOVE = YES;
				CLANG_WARN_UNGUARDED_AVAILABILITY = YES_AGGRESSIVE;
				CLANG_WARN_UNREACHABLE_CODE = YES;
				CLANG_WARN__DUPLICATE_METHOD_MATCH = YES;
				COPY_PHASE_STRIP = NO;
				DEBUG_INFORMATION_FORMAT = "dwarf-with-dsym";
				ENABLE_NS_ASSERTIONS = NO;
				ENABLE_STRICT_OBJC_MSGSEND = YES;
				GCC_C_LANGUAGE_STANDARD = gnu11;
				GCC_NO_COMMON_BLOCKS = YES;
				GCC_WARN_64_TO_32_BIT_CONVERSION = YES;
				GCC_WARN_ABOUT_RETURN_TYPE = YES_ERROR;
				GCC_WARN_UNDECLARED_SELECTOR = YES;
				GCC_WARN_UNINITIALIZED_AUTOS = YES_AGGRESSIVE;
				GCC_WARN_UNUSED_FUNCTION = YES;
				GCC_WARN_UNUSED_VARIABLE = YES;
				IPHONEOS_DEPLOYMENT_TARGET = 16.2;
				MTL_ENABLE_DEBUG_INFO = NO;
				MTL_FAST_MATH = YES;
				SDKROOT = iphoneos;
				SWIFT_COMPILATION_MODE = wholemodule;
				SWIFT_OPTIMIZATION_LEVEL = "-O";
				VALIDATE_PRODUCT = YES;
			};
			name = Release;
		};
		C7B747642ED88E4D000EAA7E /* Debug */ = {
			isa = XCBuildConfiguration;
			buildSettings = {
				ASSETCATALOG_COMPILER_APPICON_NAME = AppIcon;
				ASSETCATALOG_COMPILER_GLOBAL_ACCENT_COLOR_NAME = AccentColor;
				CODE_SIGN_STYLE = Automatic;
				CURRENT_PROJECT_VERSION = 1;
				DEVELOPMENT_ASSET_PATHS = "\"AI-CSO/Preview Content\"";
				ENABLE_PREVIEWS = YES;
				GENERATE_INFOPLIST_FILE = YES;
				INFOPLIST_KEY_UIApplicationSceneManifest_Generation = YES;
				INFOPLIST_KEY_UIApplicationSupportsIndirectInputEvents = YES;
				INFOPLIST_KEY_UILaunchScreen_Generation = YES;
				INFOPLIST_KEY_UISupportedInterfaceOrientations_iPad = "UIInterfaceOrientationPortrait UIInterfaceOrientationPortraitUpsideDown UIInterfaceOrientationLandscapeLeft UIInterfaceOrientationLandscapeRight";
				INFOPLIST_KEY_UISupportedInterfaceOrientations_iPhone = "UIInterfaceOrientationPortrait UIInterfaceOrientationLandscapeLeft UIInterfaceOrientationLandscapeRight";
				LD_RUNPATH_SEARCH_PATHS = (
					"$(inherited)",
					"@executable_path/Frameworks",
				);
				MARKETING_VERSION = 1.0;
				PRODUCT_BUNDLE_IDENTIFIER = "com.bit.AI-CSO";
				PRODUCT_NAME = "$(TARGET_NAME)";
				SWIFT_EMIT_LOC_STRINGS = YES;
				SWIFT_VERSION = 5.0;
				TARGETED_DEVICE_FAMILY = "1,2";
			};
			name = Debug;
		};
		C7B747652ED88E4D000EAA7E /* Release */ = {
			isa = XCBuildConfiguration;
			buildSettings = {
				ASSETCATALOG_COMPILER_APPICON_NAME = AppIcon;
				ASSETCATALOG_COMPILER_GLOBAL_ACCENT_COLOR_NAME = AccentColor;
				CODE_SIGN_STYLE = Automatic;
				CURRENT_PROJECT_VERSION = 1;
				DEVELOPMENT_ASSET_PATHS = "\"AI-CSO/Preview Content\"";
				ENABLE_PREVIEWS = YES;
				GENERATE_INFOPLIST_FILE = YES;
				INFOPLIST_KEY_UIApplicationSceneManifest_Generation = YES;
				INFOPLIST_KEY_UIApplicationSupportsIndirectInputEvents = YES;
				INFOPLIST_KEY_UILaunchScreen_Generation = YES;
				INFOPLIST_KEY_UISupportedInterfaceOrientations_iPad = "UIInterfaceOrientationPortrait UIInterfaceOrientationPortraitUpsideDown UIInterfaceOrientationLandscapeLeft UIInterfaceOrientationLandscapeRight";
				INFOPLIST_KEY_UISupportedInterfaceOrientations_iPhone = "UIInterfaceOrientationPortrait UIInterfaceOrientationLandscapeLeft UIInterfaceOrientationLandscapeRight";
				LD_RUNPATH_SEARCH_PATHS = (
					"$(inherited)",
					"@executable_path/Frameworks",
				);
				MARKETING_VERSION = 1.0;
				PRODUCT_BUNDLE_IDENTIFIER = "com.bit.AI-CSO";
				PRODUCT_NAME = "$(TARGET_NAME)";
				SWIFT_EMIT_LOC_STRINGS = YES;
				SWIFT_VERSION = 5.0;
				TARGETED_DEVICE_FAMILY = "1,2";
			};
			name = Release;
		};
		C7B747672ED88E4D000EAA7E /* Debug */ = {
			isa = XCBuildConfiguration;
			buildSettings = {
				ALWAYS_EMBED_SWIFT_STANDARD_LIBRARIES = YES;
				BUNDLE_LOADER = "$(TEST_HOST)";
				CODE_SIGN_STYLE = Automatic;
				CURRENT_PROJECT_VERSION = 1;
				GENERATE_INFOPLIST_FILE = YES;
				IPHONEOS_DEPLOYMENT_TARGET = 16.2;
				MARKETING_VERSION = 1.0;
				PRODUCT_BUNDLE_IDENTIFIER = "com.bit.AI-CSOTests";
				PRODUCT_NAME = "$(TARGET_NAME)";
				SWIFT_EMIT_LOC_STRINGS = NO;
				SWIFT_VERSION = 5.0;
				TARGETED_DEVICE_FAMILY = "1,2";
				TEST_HOST = "$(BUILT_PRODUCTS_DIR)/AI-CSO.app/$(BUNDLE_EXECUTABLE_FOLDER_PATH)/AI-CSO";
			};
			name = Debug;
		};
		C7B747682ED88E4D000EAA7E /* Release */ = {
			isa = XCBuildConfiguration;
			buildSettings = {
				ALWAYS_EMBED_SWIFT_STANDARD_LIBRARIES = YES;
				BUNDLE_LOADER = "$(TEST_HOST)";
				CODE_SIGN_STYLE = Automatic;
				CURRENT_PROJECT_VERSION = 1;
				GENERATE_INFOPLIST_FILE = YES;
				IPHONEOS_DEPLOYMENT_TARGET = 16.2;
				MARKETING_VERSION = 1.0;
				PRODUCT_BUNDLE_IDENTIFIER = "com.bit.AI-CSOTests";
				PRODUCT_NAME = "$(TARGET_NAME)";
				SWIFT_EMIT_LOC_STRINGS = NO;
				SWIFT_VERSION = 5.0;
				TARGETED_DEVICE_FAMILY = "1,2";
				TEST_HOST = "$(BUILT_PRODUCTS_DIR)/AI-CSO.app/$(BUNDLE_EXECUTABLE_FOLDER_PATH)/AI-CSO";
			};
			name = Release;
		};
		C7B7476A2ED88E4D000EAA7E /* Debug */ = {
			isa = XCBuildConfiguration;
			buildSettings = {
				ALWAYS_EMBED_SWIFT_STANDARD_LIBRARIES = YES;
				CODE_SIGN_STYLE = Automatic;
				CURRENT_PROJECT_VERSION = 1;
				GENERATE_INFOPLIST_FILE = YES;
				MARKETING_VERSION = 1.0;
				PRODUCT_BUNDLE_IDENTIFIER = "com.bit.AI-CSOUITests";
				PRODUCT_NAME = "$(TARGET_NAME)";
				SWIFT_EMIT_LOC_STRINGS = NO;
				SWIFT_VERSION = 5.0;
				TARGETED_DEVICE_FAMILY = "1,2";
				TEST_TARGET_NAME = "AI-CSO";
			};
			name = Debug;
		};
		C7B7476B2ED88E4D000EAA7E /* Release */ = {
			isa = XCBuildConfiguration;
			buildSettings = {
				ALWAYS_EMBED_SWIFT_STANDARD_LIBRARIES = YES;
				CODE_SIGN_STYLE = Automatic;
				CURRENT_PROJECT_VERSION = 1;
				GENERATE_INFOPLIST_FILE = YES;
				MARKETING_VERSION = 1.0;
				PRODUCT_BUNDLE_IDENTIFIER = "com.bit.AI-CSOUITests";
				PRODUCT_NAME = "$(TARGET_NAME)";
				SWIFT_EMIT_LOC_STRINGS = NO;
				SWIFT_VERSION = 5.0;
				TARGETED_DEVICE_FAMILY = "1,2";
				TEST_TARGET_NAME = "AI-CSO";
			};
			name = Release;
		};
/* End XCBuildConfiguration section */

/* Begin XCConfigurationList section */
		C7B7473A2ED88E4B000EAA7E /* Build configuration list for PBXProject "AI-CSO" */ = {
			isa = XCConfigurationList;
			buildConfigurations = (
				C7B747612ED88E4D000EAA7E /* Debug */,
				C7B747622ED88E4D000EAA7E /* Release */,
			);
			defaultConfigurationIsVisible = 0;
			defaultConfigurationName = Release;
		};
		C7B747632ED88E4D000EAA7E /* Build configuration list for PBXNativeTarget "AI-CSO" */ = {
			isa = XCConfigurationList;
			buildConfigurations = (
				C7B747642ED88E4D000EAA7E /* Debug */,
				C7B747652ED88E4D000EAA7E /* Release */,
			);
			defaultConfigurationIsVisible = 0;
			defaultConfigurationName = Release;
		};
		C7B747662ED88E4D000EAA7E /* Build configuration list for PBXNativeTarget "AI-CSOTests" */ = {
			isa = XCConfigurationList;
			buildConfigurations = (
				C7B747672ED88E4D000EAA7E /* Debug */,
				C7B747682ED88E4D000EAA7E /* Release */,
			);
			defaultConfigurationIsVisible = 0;
			defaultConfigurationName = Release;
		};
		C7B747692ED88E4D000EAA7E /* Build configuration list for PBXNativeTarget "AI-CSOUITests" */ = {
			isa = XCConfigurationList;
			buildConfigurations = (
				C7B7476A2ED88E4D000EAA7E /* Debug */,
				C7B7476B2ED88E4D000EAA7E /* Release */,
			);
			defaultConfigurationIsVisible = 0;
			defaultConfigurationName = Release;
		};
/* End XCConfigurationList section */
	};
	rootObject = C7B747372ED88E4B000EAA7E /* Project object */;
}
